
Microsoft Visual Studio Solution File, Format Version 12.00
# Visual Studio Version 16
VisualStudioVersion = 25.0.1704.0
MinimumVisualStudioVersion = 10.0.40219.1
Project("{FAE04EC0-301F-11D3-BF4B-00C04F79EFBC}") = "TechJobsOOAutoGraded6", "TechJobsOOAutoGraded6\TechJobsOOAutoGraded6.csproj", "{D016361E-963A-4C60-AF48-3805B649355A}"
EndProject
Project("{FAE04EC0-301F-11D3-BF4B-00C04F79EFBC}") = "TechJobsOO.Tests", "TechJobsOO.Tests\TechJobsOO.Tests.csproj", "{EA197D44-A3AF-456A-9F29-DD520AF84BF1}"
EndProject
Project("{FAE04EC0-301F-11D3-BF4B-00C04F79EFBC}") = "TechJobs.Tests", "TechJobs.Test\TechJobs.Tests.csproj", "{DEE2D25B-E14B-4953-B840-726848066F82}"
EndProject
Global
	GlobalSection(SolutionConfigurationPlatforms) = preSolution
		Debug|Any CPU = Debug|Any CPU
		Release|Any CPU = Release|Any CPU
	EndGlobalSection
	GlobalSection(ProjectConfigurationPlatforms) = postSolution
		{D016361E-963A-4C60-AF48-3805B649355A}.Debug|Any CPU.ActiveCfg = Debug|Any CPU
		{D016361E-963A-4C60-AF48-3805B649355A}.Debug|Any CPU.Build.0 = Debug|Any CPU
		{D016361E-963A-4C60-AF48-3805B649355A}.Release|Any CPU.ActiveCfg = Release|Any CPU
		{D016361E-963A-4C60-AF48-3805B649355A}.Release|Any CPU.Build.0 = Release|Any CPU
		{EA197D44-A3AF-456A-9F29-DD520AF84BF1}.Debug|Any CPU.ActiveCfg = Debug|Any CPU
		{EA197D44-A3AF-456A-9F29-DD520AF84BF1}.Debug|Any CPU.Build.0 = Debug|Any CPU
		{EA197D44-A3AF-456A-9F29-DD520AF84BF1}.Release|Any CPU.ActiveCfg = Release|Any CPU
		{EA197D44-A3AF-456A-9F29-DD520AF84BF1}.Release|Any CPU.Build.0 = Release|Any CPU
		{DEE2D25B-E14B-4953-B840-726848066F82}.Debug|Any CPU.ActiveCfg = Debug|Any CPU
		{DEE2D25B-E14B-4953-B840-726848066F82}.Debug|Any CPU.Build.0 = Debug|Any CPU
		{DEE2D25B-E14B-4953-B840-726848066F82}.Release|Any CPU.ActiveCfg = Release|Any CPU
		{DEE2D25B-E14B-4953-B840-726848066F82}.Release|Any CPU.Build.0 = Release|Any CPU
	EndGlobalSection
	GlobalSection(SolutionProperties) = preSolution
		HideSolutionNode = FALSE
	EndGlobalSection
	GlobalSection(ExtensibilityGlobals) = postSolution
		SolutionGuid = {33C18A1F-72C9-442D-8D54-73D3A9F50F12}
	EndGlobalSection
EndGlobal
